
Microsoft Visual Studio Solution File, Format Version 12.00
# Visual Studio 14
VisualStudioVersion = 14.0.23107.0
MinimumVisualStudioVersion = 10.0.40219.1
Project("{2150E333-8FDC-42A3-9474-1A3956D46DE8}") = "Net4", "Net4", "{AB70B5E1-333C-474B-9ABA-BB16BEE63E80}"
EndProject
Project("{2150E333-8FDC-42A3-9474-1A3956D46DE8}") = "PCL", "PCL", "{37923D95-1285-439B-B34C-4645E8AF1D89}"
EndProject
Project("{FAE04EC0-301F-11D3-BF4B-00C04F79EFBC}") = "OKHOSTING.Core", "PCL\OKHOSTING.Core\OKHOSTING.Core.csproj", "{3F4502FA-51EA-4CB9-8E50-46F828D240A1}"
EndProject
Project("{FAE04EC0-301F-11D3-BF4B-00C04F79EFBC}") = "OKHOSTING.Data", "PCL\OKHOSTING.Data\OKHOSTING.Data.csproj", "{5BA0CBAC-63E5-4E01-AECA-67AE3B63503B}"
EndProject
Project("{2150E333-8FDC-42A3-9474-1A3956D46DE8}") = "UWP", "UWP", "{95EC8362-6BD9-4196-BD99-27DE83CFE0DF}"
EndProject
Project("{FAE04EC0-301F-11D3-BF4B-00C04F79EFBC}") = "OKHOSTING.Cryptography", "PCL\OKHOSTING.Cryptography\OKHOSTING.Cryptography.csproj", "{AAF2E2CE-9141-4690-A5E8-873CB66ECC52}"
EndProject
Project("{FAE04EC0-301F-11D3-BF4B-00C04F79EFBC}") = "OKHOSTING.Core.Net4", "Net4\OKHOSTING.Core.Net4\OKHOSTING.Core.Net4.csproj", "{46BDAEC2-7677-4223-B009-940DB478A220}"
EndProject
Project("{FAE04EC0-301F-11D3-BF4B-00C04F79EFBC}") = "OKHOSTING.Cryptography.UWP", "UWP\OKHOSTING.Cryptography.UWP\OKHOSTING.Cryptography.UWP.csproj", "{11316DAF-B572-4175-ADDF-DBF3EAB5341D}"
EndProject
Project("{FAE04EC0-301F-11D3-BF4B-00C04F79EFBC}") = "OKHOSTING.Net.Net4", "Net4\OKHOSTING.Net.Net4\OKHOSTING.Net.Net4.csproj", "{68341AF6-0D6E-42E9-8E30-3D13DFDC02C5}"
EndProject
Global
	GlobalSection(SolutionConfigurationPlatforms) = preSolution
		Debug|Any CPU = Debug|Any CPU
		Debug|ARM = Debug|ARM
		Debug|x64 = Debug|x64
		Debug|x86 = Debug|x86
		Release|Any CPU = Release|Any CPU
		Release|ARM = Release|ARM
		Release|x64 = Release|x64
		Release|x86 = Release|x86
	EndGlobalSection
	GlobalSection(ProjectConfigurationPlatforms) = postSolution
		{3F4502FA-51EA-4CB9-8E50-46F828D240A1}.Debug|Any CPU.ActiveCfg = Debug|Any CPU
		{3F4502FA-51EA-4CB9-8E50-46F828D240A1}.Debug|Any CPU.Build.0 = Debug|Any CPU
		{3F4502FA-51EA-4CB9-8E50-46F828D240A1}.Debug|ARM.ActiveCfg = Debug|Any CPU
		{3F4502FA-51EA-4CB9-8E50-46F828D240A1}.Debug|ARM.Build.0 = Debug|Any CPU
		{3F4502FA-51EA-4CB9-8E50-46F828D240A1}.Debug|x64.ActiveCfg = Debug|Any CPU
		{3F4502FA-51EA-4CB9-8E50-46F828D240A1}.Debug|x64.Build.0 = Debug|Any CPU
		{3F4502FA-51EA-4CB9-8E50-46F828D240A1}.Debug|x86.ActiveCfg = Debug|Any CPU
		{3F4502FA-51EA-4CB9-8E50-46F828D240A1}.Debug|x86.Build.0 = Debug|Any CPU
		{3F4502FA-51EA-4CB9-8E50-46F828D240A1}.Release|Any CPU.ActiveCfg = Release|Any CPU
		{3F4502FA-51EA-4CB9-8E50-46F828D240A1}.Release|Any CPU.Build.0 = Release|Any CPU
		{3F4502FA-51EA-4CB9-8E50-46F828D240A1}.Release|ARM.ActiveCfg = Release|Any CPU
		{3F4502FA-51EA-4CB9-8E50-46F828D240A1}.Release|ARM.Build.0 = Release|Any CPU
		{3F4502FA-51EA-4CB9-8E50-46F828D240A1}.Release|x64.ActiveCfg = Release|Any CPU
		{3F4502FA-51EA-4CB9-8E50-46F828D240A1}.Release|x64.Build.0 = Release|Any CPU
		{3F4502FA-51EA-4CB9-8E50-46F828D240A1}.Release|x86.ActiveCfg = Release|Any CPU
		{3F4502FA-51EA-4CB9-8E50-46F828D240A1}.Release|x86.Build.0 = Release|Any CPU
		{5BA0CBAC-63E5-4E01-AECA-67AE3B63503B}.Debug|Any CPU.ActiveCfg = Debug|Any CPU
		{5BA0CBAC-63E5-4E01-AECA-67AE3B63503B}.Debug|Any CPU.Build.0 = Debug|Any CPU
		{5BA0CBAC-63E5-4E01-AECA-67AE3B63503B}.Debug|ARM.ActiveCfg = Debug|Any CPU
		{5BA0CBAC-63E5-4E01-AECA-67AE3B63503B}.Debug|ARM.Build.0 = Debug|Any CPU
		{5BA0CBAC-63E5-4E01-AECA-67AE3B63503B}.Debug|x64.ActiveCfg = Debug|Any CPU
		{5BA0CBAC-63E5-4E01-AECA-67AE3B63503B}.Debug|x64.Build.0 = Debug|Any CPU
		{5BA0CBAC-63E5-4E01-AECA-67AE3B63503B}.Debug|x86.ActiveCfg = Debug|Any CPU
		{5BA0CBAC-63E5-4E01-AECA-67AE3B63503B}.Debug|x86.Build.0 = Debug|Any CPU
		{5BA0CBAC-63E5-4E01-AECA-67AE3B63503B}.Release|Any CPU.ActiveCfg = Release|Any CPU
		{5BA0CBAC-63E5-4E01-AECA-67AE3B63503B}.Release|Any CPU.Build.0 = Release|Any CPU
		{5BA0CBAC-63E5-4E01-AECA-67AE3B63503B}.Release|ARM.ActiveCfg = Release|Any CPU
		{5BA0CBAC-63E5-4E01-AECA-67AE3B63503B}.Release|ARM.Build.0 = Release|Any CPU
		{5BA0CBAC-63E5-4E01-AECA-67AE3B63503B}.Release|x64.ActiveCfg = Release|Any CPU
		{5BA0CBAC-63E5-4E01-AECA-67AE3B63503B}.Release|x64.Build.0 = Release|Any CPU
		{5BA0CBAC-63E5-4E01-AECA-67AE3B63503B}.Release|x86.ActiveCfg = Release|Any CPU
		{5BA0CBAC-63E5-4E01-AECA-67AE3B63503B}.Release|x86.Build.0 = Release|Any CPU
		{AAF2E2CE-9141-4690-A5E8-873CB66ECC52}.Debug|Any CPU.ActiveCfg = Debug|Any CPU
		{AAF2E2CE-9141-4690-A5E8-873CB66ECC52}.Debug|Any CPU.Build.0 = Debug|Any CPU
		{AAF2E2CE-9141-4690-A5E8-873CB66ECC52}.Debug|ARM.ActiveCfg = Debug|Any CPU
		{AAF2E2CE-9141-4690-A5E8-873CB66ECC52}.Debug|ARM.Build.0 = Debug|Any CPU
		{AAF2E2CE-9141-4690-A5E8-873CB66ECC52}.Debug|x64.ActiveCfg = Debug|Any CPU
		{AAF2E2CE-9141-4690-A5E8-873CB66ECC52}.Debug|x64.Build.0 = Debug|Any CPU
		{AAF2E2CE-9141-4690-A5E8-873CB66ECC52}.Debug|x86.ActiveCfg = Debug|Any CPU
		{AAF2E2CE-9141-4690-A5E8-873CB66ECC52}.Debug|x86.Build.0 = Debug|Any CPU
		{AAF2E2CE-9141-4690-A5E8-873CB66ECC52}.Release|Any CPU.ActiveCfg = Release|Any CPU
		{AAF2E2CE-9141-4690-A5E8-873CB66ECC52}.Release|Any CPU.Build.0 = Release|Any CPU
		{AAF2E2CE-9141-4690-A5E8-873CB66ECC52}.Release|ARM.ActiveCfg = Release|Any CPU
		{AAF2E2CE-9141-4690-A5E8-873CB66ECC52}.Release|ARM.Build.0 = Release|Any CPU
		{AAF2E2CE-9141-4690-A5E8-873CB66ECC52}.Release|x64.ActiveCfg = Release|Any CPU
		{AAF2E2CE-9141-4690-A5E8-873CB66ECC52}.Release|x64.Build.0 = Release|Any CPU
		{AAF2E2CE-9141-4690-A5E8-873CB66ECC52}.Release|x86.ActiveCfg = Release|Any CPU
		{AAF2E2CE-9141-4690-A5E8-873CB66ECC52}.Release|x86.Build.0 = Release|Any CPU
		{46BDAEC2-7677-4223-B009-940DB478A220}.Debug|Any CPU.ActiveCfg = Debug|Any CPU
		{46BDAEC2-7677-4223-B009-940DB478A220}.Debug|Any CPU.Build.0 = Debug|Any CPU
		{46BDAEC2-7677-4223-B009-940DB478A220}.Debug|ARM.ActiveCfg = Debug|Any CPU
		{46BDAEC2-7677-4223-B009-940DB478A220}.Debug|ARM.Build.0 = Debug|Any CPU
		{46BDAEC2-7677-4223-B009-940DB478A220}.Debug|x64.ActiveCfg = Debug|Any CPU
		{46BDAEC2-7677-4223-B009-940DB478A220}.Debug|x64.Build.0 = Debug|Any CPU
		{46BDAEC2-7677-4223-B009-940DB478A220}.Debug|x86.ActiveCfg = Debug|Any CPU
		{46BDAEC2-7677-4223-B009-940DB478A220}.Debug|x86.Build.0 = Debug|Any CPU
		{46BDAEC2-7677-4223-B009-940DB478A220}.Release|Any CPU.ActiveCfg = Release|Any CPU
		{46BDAEC2-7677-4223-B009-940DB478A220}.Release|Any CPU.Build.0 = Release|Any CPU
		{46BDAEC2-7677-4223-B009-940DB478A220}.Release|ARM.ActiveCfg = Release|Any CPU
		{46BDAEC2-7677-4223-B009-940DB478A220}.Release|ARM.Build.0 = Release|Any CPU
		{46BDAEC2-7677-4223-B009-940DB478A220}.Release|x64.ActiveCfg = Release|Any CPU
		{46BDAEC2-7677-4223-B009-940DB478A220}.Release|x64.Build.0 = Release|Any CPU
		{46BDAEC2-7677-4223-B009-940DB478A220}.Release|x86.ActiveCfg = Release|Any CPU
		{46BDAEC2-7677-4223-B009-940DB478A220}.Release|x86.Build.0 = Release|Any CPU
		{11316DAF-B572-4175-ADDF-DBF3EAB5341D}.Debug|Any CPU.ActiveCfg = Debug|Any CPU
		{11316DAF-B572-4175-ADDF-DBF3EAB5341D}.Debug|Any CPU.Build.0 = Debug|Any CPU
		{11316DAF-B572-4175-ADDF-DBF3EAB5341D}.Debug|ARM.ActiveCfg = Debug|ARM
		{11316DAF-B572-4175-ADDF-DBF3EAB5341D}.Debug|ARM.Build.0 = Debug|ARM
		{11316DAF-B572-4175-ADDF-DBF3EAB5341D}.Debug|x64.ActiveCfg = Debug|x64
		{11316DAF-B572-4175-ADDF-DBF3EAB5341D}.Debug|x64.Build.0 = Debug|x64
		{11316DAF-B572-4175-ADDF-DBF3EAB5341D}.Debug|x86.ActiveCfg = Debug|x86
		{11316DAF-B572-4175-ADDF-DBF3EAB5341D}.Debug|x86.Build.0 = Debug|x86
		{11316DAF-B572-4175-ADDF-DBF3EAB5341D}.Release|Any CPU.ActiveCfg = Release|Any CPU
		{11316DAF-B572-4175-ADDF-DBF3EAB5341D}.Release|Any CPU.Build.0 = Release|Any CPU
		{11316DAF-B572-4175-ADDF-DBF3EAB5341D}.Release|ARM.ActiveCfg = Release|ARM
		{11316DAF-B572-4175-ADDF-DBF3EAB5341D}.Release|ARM.Build.0 = Release|ARM
		{11316DAF-B572-4175-ADDF-DBF3EAB5341D}.Release|x64.ActiveCfg = Release|x64
		{11316DAF-B572-4175-ADDF-DBF3EAB5341D}.Release|x64.Build.0 = Release|x64
		{11316DAF-B572-4175-ADDF-DBF3EAB5341D}.Release|x86.ActiveCfg = Release|x86
		{11316DAF-B572-4175-ADDF-DBF3EAB5341D}.Release|x86.Build.0 = Release|x86
		{68341AF6-0D6E-42E9-8E30-3D13DFDC02C5}.Debug|Any CPU.ActiveCfg = Debug|Any CPU
		{68341AF6-0D6E-42E9-8E30-3D13DFDC02C5}.Debug|Any CPU.Build.0 = Debug|Any CPU
		{68341AF6-0D6E-42E9-8E30-3D13DFDC02C5}.Debug|ARM.ActiveCfg = Debug|Any CPU
		{68341AF6-0D6E-42E9-8E30-3D13DFDC02C5}.Debug|ARM.Build.0 = Debug|Any CPU
		{68341AF6-0D6E-42E9-8E30-3D13DFDC02C5}.Debug|x64.ActiveCfg = Debug|Any CPU
		{68341AF6-0D6E-42E9-8E30-3D13DFDC02C5}.Debug|x64.Build.0 = Debug|Any CPU
		{68341AF6-0D6E-42E9-8E30-3D13DFDC02C5}.Debug|x86.ActiveCfg = Debug|Any CPU
		{68341AF6-0D6E-42E9-8E30-3D13DFDC02C5}.Debug|x86.Build.0 = Debug|Any CPU
		{68341AF6-0D6E-42E9-8E30-3D13DFDC02C5}.Release|Any CPU.ActiveCfg = Release|Any CPU
		{68341AF6-0D6E-42E9-8E30-3D13DFDC02C5}.Release|Any CPU.Build.0 = Release|Any CPU
		{68341AF6-0D6E-42E9-8E30-3D13DFDC02C5}.Release|ARM.ActiveCfg = Release|Any CPU
		{68341AF6-0D6E-42E9-8E30-3D13DFDC02C5}.Release|ARM.Build.0 = Release|Any CPU
		{68341AF6-0D6E-42E9-8E30-3D13DFDC02C5}.Release|x64.ActiveCfg = Release|Any CPU
		{68341AF6-0D6E-42E9-8E30-3D13DFDC02C5}.Release|x64.Build.0 = Release|Any CPU
		{68341AF6-0D6E-42E9-8E30-3D13DFDC02C5}.Release|x86.ActiveCfg = Release|Any CPU
		{68341AF6-0D6E-42E9-8E30-3D13DFDC02C5}.Release|x86.Build.0 = Release|Any CPU
	EndGlobalSection
	GlobalSection(SolutionProperties) = preSolution
		HideSolutionNode = FALSE
	EndGlobalSection
	GlobalSection(NestedProjects) = preSolution
		{3F4502FA-51EA-4CB9-8E50-46F828D240A1} = {37923D95-1285-439B-B34C-4645E8AF1D89}
		{5BA0CBAC-63E5-4E01-AECA-67AE3B63503B} = {37923D95-1285-439B-B34C-4645E8AF1D89}
		{AAF2E2CE-9141-4690-A5E8-873CB66ECC52} = {37923D95-1285-439B-B34C-4645E8AF1D89}
		{46BDAEC2-7677-4223-B009-940DB478A220} = {AB70B5E1-333C-474B-9ABA-BB16BEE63E80}
		{11316DAF-B572-4175-ADDF-DBF3EAB5341D} = {95EC8362-6BD9-4196-BD99-27DE83CFE0DF}
		{68341AF6-0D6E-42E9-8E30-3D13DFDC02C5} = {AB70B5E1-333C-474B-9ABA-BB16BEE63E80}
	EndGlobalSection
EndGlobal
