
Microsoft Visual Studio Solution File, Format Version 12.00
# Visual Studio 14
VisualStudioVersion = 14.0.24720.0
MinimumVisualStudioVersion = 10.0.40219.1
Project("{2150E333-8FDC-42A3-9474-1A3956D46DE8}") = "Net4", "Net4", "{AB70B5E1-333C-474B-9ABA-BB16BEE63E80}"
EndProject
Project("{2150E333-8FDC-42A3-9474-1A3956D46DE8}") = "PCL", "PCL", "{37923D95-1285-439B-B34C-4645E8AF1D89}"
EndProject
Project("{FAE04EC0-301F-11D3-BF4B-00C04F79EFBC}") = "OKHOSTING.Core", "PCL\OKHOSTING.Core\OKHOSTING.Core.csproj", "{3F4502FA-51EA-4CB9-8E50-46F828D240A1}"
EndProject
Project("{FAE04EC0-301F-11D3-BF4B-00C04F79EFBC}") = "OKHOSTING.Core.Net4", "Net4\OKHOSTING.Core.Net4\OKHOSTING.Core.Net4.csproj", "{46BDAEC2-7677-4223-B009-940DB478A220}"
EndProject
Project("{FAE04EC0-301F-11D3-BF4B-00C04F79EFBC}") = "OKHOSTING.Core.Test", "..\test\OKHOSTING.Core.Test\OKHOSTING.Core.Test.csproj", "{4B9E4C42-EA43-485E-A987-221B79E0FDC2}"
EndProject
Project("{2150E333-8FDC-42A3-9474-1A3956D46DE8}") = "Test", "Test", "{60F2A032-542C-456A-B5B1-4EBE06C240EB}"
EndProject
Project("{2150E333-8FDC-42A3-9474-1A3956D46DE8}") = "UWP", "UWP", "{E3D5586D-C6C5-4208-BE19-E9FD44DDF997}"
EndProject
Project("{FAE04EC0-301F-11D3-BF4B-00C04F79EFBC}") = "OKHOSTING.Core.UWP", "UWP\OKHOSTING.Core.UWP\OKHOSTING.Core.UWP.csproj", "{BA82A276-28B9-4792-A717-37BD90726A4B}"
EndProject
Project("{2150E333-8FDC-42A3-9474-1A3956D46DE8}") = "Xamarin", "Xamarin", "{FD82F0C0-9B7C-462C-BF8E-CF4013DF78DD}"
EndProject
Project("{2150E333-8FDC-42A3-9474-1A3956D46DE8}") = "Net5", "Net5", "{0CA9E183-7759-4461-9ECD-31BBDFB2D2E1}"
EndProject
Global
	GlobalSection(SolutionConfigurationPlatforms) = preSolution
		Debug|Any CPU = Debug|Any CPU
		Debug|ARM = Debug|ARM
		Debug|x64 = Debug|x64
		Debug|x86 = Debug|x86
		Release|Any CPU = Release|Any CPU
		Release|ARM = Release|ARM
		Release|x64 = Release|x64
		Release|x86 = Release|x86
	EndGlobalSection
	GlobalSection(ProjectConfigurationPlatforms) = postSolution
		{3F4502FA-51EA-4CB9-8E50-46F828D240A1}.Debug|Any CPU.ActiveCfg = Debug|Any CPU
		{3F4502FA-51EA-4CB9-8E50-46F828D240A1}.Debug|Any CPU.Build.0 = Debug|Any CPU
		{3F4502FA-51EA-4CB9-8E50-46F828D240A1}.Debug|ARM.ActiveCfg = Debug|Any CPU
		{3F4502FA-51EA-4CB9-8E50-46F828D240A1}.Debug|ARM.Build.0 = Debug|Any CPU
		{3F4502FA-51EA-4CB9-8E50-46F828D240A1}.Debug|x64.ActiveCfg = Debug|Any CPU
		{3F4502FA-51EA-4CB9-8E50-46F828D240A1}.Debug|x64.Build.0 = Debug|Any CPU
		{3F4502FA-51EA-4CB9-8E50-46F828D240A1}.Debug|x86.ActiveCfg = Debug|Any CPU
		{3F4502FA-51EA-4CB9-8E50-46F828D240A1}.Debug|x86.Build.0 = Debug|Any CPU
		{3F4502FA-51EA-4CB9-8E50-46F828D240A1}.Release|Any CPU.ActiveCfg = Release|Any CPU
		{3F4502FA-51EA-4CB9-8E50-46F828D240A1}.Release|Any CPU.Build.0 = Release|Any CPU
		{3F4502FA-51EA-4CB9-8E50-46F828D240A1}.Release|ARM.ActiveCfg = Release|Any CPU
		{3F4502FA-51EA-4CB9-8E50-46F828D240A1}.Release|ARM.Build.0 = Release|Any CPU
		{3F4502FA-51EA-4CB9-8E50-46F828D240A1}.Release|x64.ActiveCfg = Release|Any CPU
		{3F4502FA-51EA-4CB9-8E50-46F828D240A1}.Release|x64.Build.0 = Release|Any CPU
		{3F4502FA-51EA-4CB9-8E50-46F828D240A1}.Release|x86.ActiveCfg = Release|Any CPU
		{3F4502FA-51EA-4CB9-8E50-46F828D240A1}.Release|x86.Build.0 = Release|Any CPU
		{46BDAEC2-7677-4223-B009-940DB478A220}.Debug|Any CPU.ActiveCfg = Debug|Any CPU
		{46BDAEC2-7677-4223-B009-940DB478A220}.Debug|Any CPU.Build.0 = Debug|Any CPU
		{46BDAEC2-7677-4223-B009-940DB478A220}.Debug|ARM.ActiveCfg = Debug|Any CPU
		{46BDAEC2-7677-4223-B009-940DB478A220}.Debug|ARM.Build.0 = Debug|Any CPU
		{46BDAEC2-7677-4223-B009-940DB478A220}.Debug|x64.ActiveCfg = Debug|Any CPU
		{46BDAEC2-7677-4223-B009-940DB478A220}.Debug|x64.Build.0 = Debug|Any CPU
		{46BDAEC2-7677-4223-B009-940DB478A220}.Debug|x86.ActiveCfg = Debug|Any CPU
		{46BDAEC2-7677-4223-B009-940DB478A220}.Debug|x86.Build.0 = Debug|Any CPU
		{46BDAEC2-7677-4223-B009-940DB478A220}.Release|Any CPU.ActiveCfg = Release|Any CPU
		{46BDAEC2-7677-4223-B009-940DB478A220}.Release|Any CPU.Build.0 = Release|Any CPU
		{46BDAEC2-7677-4223-B009-940DB478A220}.Release|ARM.ActiveCfg = Release|Any CPU
		{46BDAEC2-7677-4223-B009-940DB478A220}.Release|ARM.Build.0 = Release|Any CPU
		{46BDAEC2-7677-4223-B009-940DB478A220}.Release|x64.ActiveCfg = Release|Any CPU
		{46BDAEC2-7677-4223-B009-940DB478A220}.Release|x64.Build.0 = Release|Any CPU
		{46BDAEC2-7677-4223-B009-940DB478A220}.Release|x86.ActiveCfg = Release|Any CPU
		{46BDAEC2-7677-4223-B009-940DB478A220}.Release|x86.Build.0 = Release|Any CPU
		{4B9E4C42-EA43-485E-A987-221B79E0FDC2}.Debug|Any CPU.ActiveCfg = Debug|Any CPU
		{4B9E4C42-EA43-485E-A987-221B79E0FDC2}.Debug|Any CPU.Build.0 = Debug|Any CPU
		{4B9E4C42-EA43-485E-A987-221B79E0FDC2}.Debug|ARM.ActiveCfg = Debug|Any CPU
		{4B9E4C42-EA43-485E-A987-221B79E0FDC2}.Debug|ARM.Build.0 = Debug|Any CPU
		{4B9E4C42-EA43-485E-A987-221B79E0FDC2}.Debug|x64.ActiveCfg = Debug|Any CPU
		{4B9E4C42-EA43-485E-A987-221B79E0FDC2}.Debug|x64.Build.0 = Debug|Any CPU
		{4B9E4C42-EA43-485E-A987-221B79E0FDC2}.Debug|x86.ActiveCfg = Debug|Any CPU
		{4B9E4C42-EA43-485E-A987-221B79E0FDC2}.Debug|x86.Build.0 = Debug|Any CPU
		{4B9E4C42-EA43-485E-A987-221B79E0FDC2}.Release|Any CPU.ActiveCfg = Release|Any CPU
		{4B9E4C42-EA43-485E-A987-221B79E0FDC2}.Release|Any CPU.Build.0 = Release|Any CPU
		{4B9E4C42-EA43-485E-A987-221B79E0FDC2}.Release|ARM.ActiveCfg = Release|Any CPU
		{4B9E4C42-EA43-485E-A987-221B79E0FDC2}.Release|ARM.Build.0 = Release|Any CPU
		{4B9E4C42-EA43-485E-A987-221B79E0FDC2}.Release|x64.ActiveCfg = Release|Any CPU
		{4B9E4C42-EA43-485E-A987-221B79E0FDC2}.Release|x64.Build.0 = Release|Any CPU
		{4B9E4C42-EA43-485E-A987-221B79E0FDC2}.Release|x86.ActiveCfg = Release|Any CPU
		{4B9E4C42-EA43-485E-A987-221B79E0FDC2}.Release|x86.Build.0 = Release|Any CPU
		{BA82A276-28B9-4792-A717-37BD90726A4B}.Debug|Any CPU.ActiveCfg = Debug|Any CPU
		{BA82A276-28B9-4792-A717-37BD90726A4B}.Debug|Any CPU.Build.0 = Debug|Any CPU
		{BA82A276-28B9-4792-A717-37BD90726A4B}.Debug|ARM.ActiveCfg = Debug|ARM
		{BA82A276-28B9-4792-A717-37BD90726A4B}.Debug|ARM.Build.0 = Debug|ARM
		{BA82A276-28B9-4792-A717-37BD90726A4B}.Debug|x64.ActiveCfg = Debug|x64
		{BA82A276-28B9-4792-A717-37BD90726A4B}.Debug|x64.Build.0 = Debug|x64
		{BA82A276-28B9-4792-A717-37BD90726A4B}.Debug|x86.ActiveCfg = Debug|x86
		{BA82A276-28B9-4792-A717-37BD90726A4B}.Debug|x86.Build.0 = Debug|x86
		{BA82A276-28B9-4792-A717-37BD90726A4B}.Release|Any CPU.ActiveCfg = Release|Any CPU
		{BA82A276-28B9-4792-A717-37BD90726A4B}.Release|Any CPU.Build.0 = Release|Any CPU
		{BA82A276-28B9-4792-A717-37BD90726A4B}.Release|ARM.ActiveCfg = Release|ARM
		{BA82A276-28B9-4792-A717-37BD90726A4B}.Release|ARM.Build.0 = Release|ARM
		{BA82A276-28B9-4792-A717-37BD90726A4B}.Release|x64.ActiveCfg = Release|x64
		{BA82A276-28B9-4792-A717-37BD90726A4B}.Release|x64.Build.0 = Release|x64
		{BA82A276-28B9-4792-A717-37BD90726A4B}.Release|x86.ActiveCfg = Release|x86
		{BA82A276-28B9-4792-A717-37BD90726A4B}.Release|x86.Build.0 = Release|x86
	EndGlobalSection
	GlobalSection(SolutionProperties) = preSolution
		HideSolutionNode = FALSE
	EndGlobalSection
	GlobalSection(NestedProjects) = preSolution
		{3F4502FA-51EA-4CB9-8E50-46F828D240A1} = {37923D95-1285-439B-B34C-4645E8AF1D89}
		{46BDAEC2-7677-4223-B009-940DB478A220} = {AB70B5E1-333C-474B-9ABA-BB16BEE63E80}
		{4B9E4C42-EA43-485E-A987-221B79E0FDC2} = {60F2A032-542C-456A-B5B1-4EBE06C240EB}
		{BA82A276-28B9-4792-A717-37BD90726A4B} = {E3D5586D-C6C5-4208-BE19-E9FD44DDF997}
	EndGlobalSection
EndGlobal
