
Microsoft Visual Studio Solution File, Format Version 12.00
# Visual Studio 14
VisualStudioVersion = 14.0.23107.0
MinimumVisualStudioVersion = 10.0.40219.1
Project("{FAE04EC0-301F-11D3-BF4B-00C04F79EFBC}") = "OKHOSTING.Core", "Net4\OKHOSTING.Core\OKHOSTING.Core.csproj", "{5F753619-FD61-4E33-B1D4-3E3E34879A0A}"
EndProject
Project("{FAE04EC0-301F-11D3-BF4B-00C04F79EFBC}") = "OKHOSTING.Core.Cryptography", "Net4\OKHOSTING.Core.Cryptography\OKHOSTING.Core.Cryptography.csproj", "{88FA702F-1354-4ABC-ABC3-540CD659BD57}"
EndProject
Project("{FAE04EC0-301F-11D3-BF4B-00C04F79EFBC}") = "OKHOSTING.Core.Net", "Net4\OKHOSTING.Core.Net\OKHOSTING.Core.Net.csproj", "{4A75C2D6-0FBF-42BC-9A70-A52F6ECE4797}"
EndProject
Project("{2150E333-8FDC-42A3-9474-1A3956D46DE8}") = "Net4", "Net4", "{AB70B5E1-333C-474B-9ABA-BB16BEE63E80}"
EndProject
Project("{2150E333-8FDC-42A3-9474-1A3956D46DE8}") = "Net5", "Net5", "{D86F2D50-9A17-4500-95D6-664FE96616B7}"
EndProject
Project("{2150E333-8FDC-42A3-9474-1A3956D46DE8}") = "PCL", "PCL", "{37923D95-1285-439B-B34C-4645E8AF1D89}"
EndProject
Project("{8BB2217D-0F2D-49D1-97BC-3654ED321F3B}") = "OKHOSTING.Core", "Net5\OKHOSTING.Core\OKHOSTING.Core.xproj", "{545C6E34-FF0B-4212-B129-37C22ED2217C}"
EndProject
Project("{8BB2217D-0F2D-49D1-97BC-3654ED321F3B}") = "OKHOSTING.Core.IO", "Net5\OKHOSTING.Core.IO\OKHOSTING.Core.IO.xproj", "{753B054B-E459-4E6F-BB5A-ADACA503D1FF}"
EndProject
Project("{8BB2217D-0F2D-49D1-97BC-3654ED321F3B}") = "OKHOSTING.Core.Text", "Net5\OKHOSTING.Core.Text\OKHOSTING.Core.Text.xproj", "{C499BE85-C62F-461E-B2BF-E269B64CB943}"
EndProject
Project("{FAE04EC0-301F-11D3-BF4B-00C04F79EFBC}") = "OKHOSTING.Core", "PCL\OKHOSTING.Core\OKHOSTING.Core.csproj", "{3F4502FA-51EA-4CB9-8E50-46F828D240A1}"
EndProject
Project("{D954291E-2A0B-460D-934E-DC6B0785DB48}") = "OKHOSTING.Core", "Shared\OKHOSTING.Core\OKHOSTING.Core.shproj", "{122505AB-E2EE-4B6C-B3B0-9986C9555199}"
EndProject
Project("{FAE04EC0-301F-11D3-BF4B-00C04F79EFBC}") = "OKHOSTING.Core.Test", "..\test\OKHOSTING.Core.Test\OKHOSTING.Core.Test.csproj", "{4A538A51-D7BF-4C29-B1B8-C85C5DAB1332}"
EndProject
Global
	GlobalSection(SharedMSBuildProjectFiles) = preSolution
		Shared\OKHOSTING.Core\OKHOSTING.Core.projitems*{122505ab-e2ee-4b6c-b3b0-9986c9555199}*SharedItemsImports = 13
	EndGlobalSection
	GlobalSection(SolutionConfigurationPlatforms) = preSolution
		Debug|Any CPU = Debug|Any CPU
		Release|Any CPU = Release|Any CPU
	EndGlobalSection
	GlobalSection(ProjectConfigurationPlatforms) = postSolution
		{5F753619-FD61-4E33-B1D4-3E3E34879A0A}.Debug|Any CPU.ActiveCfg = Debug|Any CPU
		{5F753619-FD61-4E33-B1D4-3E3E34879A0A}.Debug|Any CPU.Build.0 = Debug|Any CPU
		{5F753619-FD61-4E33-B1D4-3E3E34879A0A}.Release|Any CPU.ActiveCfg = Release|Any CPU
		{5F753619-FD61-4E33-B1D4-3E3E34879A0A}.Release|Any CPU.Build.0 = Release|Any CPU
		{88FA702F-1354-4ABC-ABC3-540CD659BD57}.Debug|Any CPU.ActiveCfg = Debug|Any CPU
		{88FA702F-1354-4ABC-ABC3-540CD659BD57}.Debug|Any CPU.Build.0 = Debug|Any CPU
		{88FA702F-1354-4ABC-ABC3-540CD659BD57}.Release|Any CPU.ActiveCfg = Release|Any CPU
		{88FA702F-1354-4ABC-ABC3-540CD659BD57}.Release|Any CPU.Build.0 = Release|Any CPU
		{4A75C2D6-0FBF-42BC-9A70-A52F6ECE4797}.Debug|Any CPU.ActiveCfg = Debug|Any CPU
		{4A75C2D6-0FBF-42BC-9A70-A52F6ECE4797}.Debug|Any CPU.Build.0 = Debug|Any CPU
		{4A75C2D6-0FBF-42BC-9A70-A52F6ECE4797}.Release|Any CPU.ActiveCfg = Release|Any CPU
		{4A75C2D6-0FBF-42BC-9A70-A52F6ECE4797}.Release|Any CPU.Build.0 = Release|Any CPU
		{545C6E34-FF0B-4212-B129-37C22ED2217C}.Debug|Any CPU.ActiveCfg = Debug|Any CPU
		{545C6E34-FF0B-4212-B129-37C22ED2217C}.Debug|Any CPU.Build.0 = Debug|Any CPU
		{545C6E34-FF0B-4212-B129-37C22ED2217C}.Release|Any CPU.ActiveCfg = Release|Any CPU
		{545C6E34-FF0B-4212-B129-37C22ED2217C}.Release|Any CPU.Build.0 = Release|Any CPU
		{753B054B-E459-4E6F-BB5A-ADACA503D1FF}.Debug|Any CPU.ActiveCfg = Debug|Any CPU
		{753B054B-E459-4E6F-BB5A-ADACA503D1FF}.Debug|Any CPU.Build.0 = Debug|Any CPU
		{753B054B-E459-4E6F-BB5A-ADACA503D1FF}.Release|Any CPU.ActiveCfg = Release|Any CPU
		{753B054B-E459-4E6F-BB5A-ADACA503D1FF}.Release|Any CPU.Build.0 = Release|Any CPU
		{C499BE85-C62F-461E-B2BF-E269B64CB943}.Debug|Any CPU.ActiveCfg = Debug|Any CPU
		{C499BE85-C62F-461E-B2BF-E269B64CB943}.Debug|Any CPU.Build.0 = Debug|Any CPU
		{C499BE85-C62F-461E-B2BF-E269B64CB943}.Release|Any CPU.ActiveCfg = Release|Any CPU
		{C499BE85-C62F-461E-B2BF-E269B64CB943}.Release|Any CPU.Build.0 = Release|Any CPU
		{3F4502FA-51EA-4CB9-8E50-46F828D240A1}.Debug|Any CPU.ActiveCfg = Debug|Any CPU
		{3F4502FA-51EA-4CB9-8E50-46F828D240A1}.Debug|Any CPU.Build.0 = Debug|Any CPU
		{3F4502FA-51EA-4CB9-8E50-46F828D240A1}.Release|Any CPU.ActiveCfg = Release|Any CPU
		{3F4502FA-51EA-4CB9-8E50-46F828D240A1}.Release|Any CPU.Build.0 = Release|Any CPU
		{4A538A51-D7BF-4C29-B1B8-C85C5DAB1332}.Debug|Any CPU.ActiveCfg = Debug|Any CPU
		{4A538A51-D7BF-4C29-B1B8-C85C5DAB1332}.Debug|Any CPU.Build.0 = Debug|Any CPU
		{4A538A51-D7BF-4C29-B1B8-C85C5DAB1332}.Release|Any CPU.ActiveCfg = Release|Any CPU
		{4A538A51-D7BF-4C29-B1B8-C85C5DAB1332}.Release|Any CPU.Build.0 = Release|Any CPU
	EndGlobalSection
	GlobalSection(SolutionProperties) = preSolution
		HideSolutionNode = FALSE
	EndGlobalSection
	GlobalSection(NestedProjects) = preSolution
		{5F753619-FD61-4E33-B1D4-3E3E34879A0A} = {AB70B5E1-333C-474B-9ABA-BB16BEE63E80}
		{88FA702F-1354-4ABC-ABC3-540CD659BD57} = {AB70B5E1-333C-474B-9ABA-BB16BEE63E80}
		{4A75C2D6-0FBF-42BC-9A70-A52F6ECE4797} = {AB70B5E1-333C-474B-9ABA-BB16BEE63E80}
		{545C6E34-FF0B-4212-B129-37C22ED2217C} = {D86F2D50-9A17-4500-95D6-664FE96616B7}
		{753B054B-E459-4E6F-BB5A-ADACA503D1FF} = {D86F2D50-9A17-4500-95D6-664FE96616B7}
		{C499BE85-C62F-461E-B2BF-E269B64CB943} = {D86F2D50-9A17-4500-95D6-664FE96616B7}
		{3F4502FA-51EA-4CB9-8E50-46F828D240A1} = {37923D95-1285-439B-B34C-4645E8AF1D89}
		{4A538A51-D7BF-4C29-B1B8-C85C5DAB1332} = {37923D95-1285-439B-B34C-4645E8AF1D89}
	EndGlobalSection
EndGlobal
